PODS:
  - BCryptSwift (1.1)
  - Flutter (1.0.0)
  - flutter_bcrypt (0.0.1):
    - BCryptSwift (~> 1.1)
    - Flutter
  - FMDB (2.7.5):
    - FMDB/standard (= 2.7.5)
  - FMDB/standard (2.7.5)
  - image_picker_ios (0.0.1):
    - Flutter
  - shared_preferences_foundation (0.0.1):
    - Flutter
    - FlutterMacOS
  - sqflite (0.0.2):
    - Flutter
    - FMDB (>= 2.7.5)

DEPENDENCIES:
  - Flutter (from `Flutter`)
  - flutter_bcrypt (from `.symlinks/plugins/flutter_bcrypt/ios`)
  - image_picker_ios (from `.symlinks/plugins/image_picker_ios/ios`)
  - shared_preferences_foundation (from `.symlinks/plugins/shared_preferences_foundation/darwin`)
  - sqflite (from `.symlinks/plugins/sqflite/ios`)

SPEC REPOS:
  trunk:
    - BCryptSwift
    - FMDB

EXTERNAL SOURCES:
  Flutter:
    :path: Flutter
  flutter_bcrypt:
    :path: ".symlinks/plugins/flutter_bcrypt/ios"
  image_picker_ios:
    :path: ".symlinks/plugins/image_picker_ios/ios"
  shared_preferences_foundation:
    :path: ".symlinks/plugins/shared_preferences_foundation/darwin"
  sqflite:
    :path: ".symlinks/plugins/sqflite/ios"

SPEC CHECKSUMS:
  BCryptSwift: f69992ea5685f6714260842c2770688043b89ab2
  Flutter: f04841e97a9d0b0a8025694d0796dd46242b2854
  flutter_bcrypt: 8ae63c682225f69d9981465509cb26b9e93522ef
  FMDB: 2ce00b547f966261cd18927a3ddb07cb6f3db82a
  image_picker_ios: 4a8aadfbb6dc30ad5141a2ce3832af9214a705b5
  shared_preferences_foundation: e2dae3258e06f44cc55f49d42024fd8dd03c590c
  sqflite: 6d358c025f5b867b29ed92fc697fd34924e11904

PODFILE CHECKSUM: 9359b5aab13d97a53bc370d5f6c340a32f6e45c8

COCOAPODS: 1.12.0
